Microsoft Visual Studio Solution File, Format Version 12.00
# Visual Studio Version 17
VisualStudioVersion = 17.5.2.0
MinimumVisualStudioVersion = 10.0.40219.1
Project("{FAE04EC0-301F-11D3-BF4B-00C04F79EFBC}") = "playwright-camp-portfolio", "playwright-camp-portfolio.csproj", "{FBEB5F7B-2AF2-782E-1A9B-18BB904D4025}"
EndProject
Global
	GlobalSection(SolutionConfigurationPlatforms) = preSolution
		Debug|Any CPU = Debug|Any CPU
		Release|Any CPU = Release|Any CPU
	EndGlobalSection
	GlobalSection(ProjectConfigurationPlatforms) = postSolution
		{FBEB5F7B-2AF2-782E-1A9B-18BB904D4025}.Debug|Any CPU.ActiveCfg = Debug|Any CPU
		{FBEB5F7B-2AF2-782E-1A9B-18BB904D4025}.Debug|Any CPU.Build.0 = Debug|Any CPU
		{FBEB5F7B-2AF2-782E-1A9B-18BB904D4025}.Release|Any CPU.ActiveCfg = Release|Any CPU
		{FBEB5F7B-2AF2-782E-1A9B-18BB904D4025}.Release|Any CPU.Build.0 = Release|Any CPU
	EndGlobalSection
	GlobalSection(SolutionProperties) = preSolution
		HideSolutionNode = FALSE
	EndGlobalSection
	GlobalSection(ExtensibilityGlobals) = postSolution
		SolutionGuid = {1E294526-134C-4481-9EE3-6DC551564ECB}
	EndGlobalSection
EndGlobal
